
Microsoft Visual Studio Solution File, Format Version 11.00
# Visual Studio 2010
Project("{FAE04EC0-301F-11D3-BF4B-00C04F79EFBC}") = "Shout of Mission", "Assembly-CSharp.csproj", "{A312C83D-BB8A-BB44-182D-4E9EA1FDD8E5}"
EndProject
Project("{FAE04EC0-301F-11D3-BF4B-00C04F79EFBC}") = "Shout of Mission", "Assembly-CSharp-firstpass.csproj", "{28596BA4-A5BC-26EE-5019-03927E5C6F7E}"
EndProject
Project("{FAE04EC0-301F-11D3-BF4B-00C04F79EFBC}") = "Shout of Mission", "Assembly-CSharp-Editor-firstpass.csproj", "{F68AAD8C-0CF8-BDBE-FA6A-F8A1A6059AD9}"
EndProject
Global
	GlobalSection(SolutionConfigurationPlatforms) = preSolution
		Debug|Any CPU = Debug|Any CPU
		Release|Any CPU = Release|Any CPU
	EndGlobalSection
	GlobalSection(ProjectConfigurationPlatforms) = postSolution
		{A312C83D-BB8A-BB44-182D-4E9EA1FDD8E5}.Debug|Any CPU.ActiveCfg = Debug|Any CPU
		{A312C83D-BB8A-BB44-182D-4E9EA1FDD8E5}.Debug|Any CPU.Build.0 = Debug|Any CPU
		{A312C83D-BB8A-BB44-182D-4E9EA1FDD8E5}.Release|Any CPU.ActiveCfg = Release|Any CPU
		{A312C83D-BB8A-BB44-182D-4E9EA1FDD8E5}.Release|Any CPU.Build.0 = Release|Any CPU
		{28596BA4-A5BC-26EE-5019-03927E5C6F7E}.Debug|Any CPU.ActiveCfg = Debug|Any CPU
		{28596BA4-A5BC-26EE-5019-03927E5C6F7E}.Debug|Any CPU.Build.0 = Debug|Any CPU
		{28596BA4-A5BC-26EE-5019-03927E5C6F7E}.Release|Any CPU.ActiveCfg = Release|Any CPU
		{28596BA4-A5BC-26EE-5019-03927E5C6F7E}.Release|Any CPU.Build.0 = Release|Any CPU
		{F68AAD8C-0CF8-BDBE-FA6A-F8A1A6059AD9}.Debug|Any CPU.ActiveCfg = Debug|Any CPU
		{F68AAD8C-0CF8-BDBE-FA6A-F8A1A6059AD9}.Debug|Any CPU.Build.0 = Debug|Any CPU
		{F68AAD8C-0CF8-BDBE-FA6A-F8A1A6059AD9}.Release|Any CPU.ActiveCfg = Release|Any CPU
		{F68AAD8C-0CF8-BDBE-FA6A-F8A1A6059AD9}.Release|Any CPU.Build.0 = Release|Any CPU
	EndGlobalSection
	GlobalSection(SolutionProperties) = preSolution
		HideSolutionNode = FALSE
	EndGlobalSection
	GlobalSection(MonoDevelopProperties) = preSolution
		StartupItem = Assembly-CSharp.csproj
	EndGlobalSection
EndGlobal
